{
  "originHash" : "38bd465624d054e859da14421a5f2dd363202f182da14c82c18e23012bca6778",
  "pins" : [
    {
      "identity" : "colorkit",
      "kind" : "remoteSourceControl",
      "location" : "https://github.com/Boris-Em/ColorKit.git",
      "state" : {
        "branch" : "master",
        "revision" : "6e4375a6126eac0a29893c607ae318bdbe33310c"
      }
    },
    {
      "identity" : "dominantcolors",
      "kind" : "remoteSourceControl",
      "location" : "https://github.com/DenDmitriev/DominantColors.git",
      "state" : {
        "revision" : "c2b8ad9768fd984729624eaa8203aa9a23b06909",
        "version" : "1.2.1"
      }
    },
    {
      "identity" : "kingfisher",
      "kind" : "remoteSourceControl",
      "location" : "https://github.com/onevcat/Kingfisher.git",
      "state" : {
        "revision" : "2ef543ee21d63734e1c004ad6c870255e8716c50",
        "version" : "7.12.0"
      }
    },
    {
      "identity" : "lucide-icons-swift",
      "kind" : "remoteSourceControl",
      "location" : "https://github.com/JakubMazur/lucide-icons-swift.git",
      "state" : {
        "revision" : "a0e96f63c93278fb56ee70c569f276f4e2582e21",
        "version" : "0.438.0"
      }
    },
    {
      "identity" : "realm-core",
      "kind" : "remoteSourceControl",
      "location" : "https://github.com/realm/realm-core.git",
      "state" : {
        "revision" : "c2552e1d36867cb42b28130e894a81fc17081062",
        "version" : "14.12.0"
      }
    },
    {
      "identity" : "realm-swift",
      "kind" : "remoteSourceControl",
      "location" : "https://github.com/realm/realm-swift.git",
      "state" : {
        "branch" : "master",
        "revision" : "7ffcc1165fe335b793f59c5a4ff0d472fcc1625a"
      }
    },
    {
      "identity" : "swiftui-flow",
      "kind" : "remoteSourceControl",
      "location" : "https://github.com/tevelee/SwiftUI-Flow.git",
      "state" : {
        "revision" : "b528bd06ae70fbd2936d9561a456fb6ea65bc7ff",
        "version" : "2.5.0"
      }
    },
    {
      "identity" : "swiftui-vertical-tab-view",
      "kind" : "remoteSourceControl",
      "location" : "https://github.com/lorenzofiamingo/swiftui-vertical-tab-view",
      "state" : {
        "revision" : "e029f75f9c43e52e351528a78e293a997200b9f8",
        "version" : "2.0.0"
      }
    },
    {
      "identity" : "zoomable",
      "kind" : "remoteSourceControl",
      "location" : "https://github.com/ryohey/Zoomable.git",
      "state" : {
        "branch" : "main",
        "revision" : "525c0e1784825261b84d21c5cd5a159245a40ea6"
      }
    }
  ],
  "version" : 3
}
